
Microsoft Visual Studio Solution File, Format Version 12.00
# Visual Studio Version 17
VisualStudioVersion = 17.2.32616.157
MinimumVisualStudioVersion = 10.0.40219.1
Project("{9A19103F-16F7-4668-BE54-9A1E7A4F7556}") = "CalculatorApp", "CalculatorApp.csproj", "{8CEECBDA-715F-4245-A0A9-2E94D2ADE5CC}"
EndProject
Global
	GlobalSection(SolutionConfigurationPlatforms) = preSolution
		Debug|Any CPU = Debug|Any CPU
		Release|Any CPU = Release|Any CPU
	EndGlobalSection
	GlobalSection(ProjectConfigurationPlatforms) = postSolution
		{8CEECBDA-715F-4245-A0A9-2E94D2ADE5CC}.Debug|Any CPU.ActiveCfg = Debug|Any CPU
		{8CEECBDA-715F-4245-A0A9-2E94D2ADE5CC}.Debug|Any CPU.Build.0 = Debug|Any CPU
		{8CEECBDA-715F-4245-A0A9-2E94D2ADE5CC}.Release|Any CPU.ActiveCfg = Release|Any CPU
		{8CEECBDA-715F-4245-A0A9-2E94D2ADE5CC}.Release|Any CPU.Build.0 = Release|Any CPU
	EndGlobalSection
	GlobalSection(SolutionProperties) = preSolution
		HideSolutionNode = FALSE
	EndGlobalSection
	GlobalSection(ExtensibilityGlobals) = postSolution
		SolutionGuid = {7F467156-1613-45D6-98C7-6D3E82F0DC50}
	EndGlobalSection
EndGlobal
